
Microsoft Visual Studio Solution File, Format Version 12.00
# Visual Studio Version 17
VisualStudioVersion = 17.2.32630.192
MinimumVisualStudioVersion = 10.0.40219.1
Project("{FAE04EC0-301F-11D3-BF4B-00C04F79EFBC}") = "WpfApp1_2023.04.04", "WpfApp1_2023.04.04\WpfApp1_2023.04.04.csproj", "{5253CF96-F992-43D4-A9CB-993F185C28CE}"
EndProject
Global
	GlobalSection(SolutionConfigurationPlatforms) = preSolution
		Debug|Any CPU = Debug|Any CPU
		Release|Any CPU = Release|Any CPU
	EndGlobalSection
	GlobalSection(ProjectConfigurationPlatforms) = postSolution
		{5253CF96-F992-43D4-A9CB-993F185C28CE}.Debug|Any CPU.ActiveCfg = Debug|Any CPU
		{5253CF96-F992-43D4-A9CB-993F185C28CE}.Debug|Any CPU.Build.0 = Debug|Any CPU
		{5253CF96-F992-43D4-A9CB-993F185C28CE}.Release|Any CPU.ActiveCfg = Release|Any CPU
		{5253CF96-F992-43D4-A9CB-993F185C28CE}.Release|Any CPU.Build.0 = Release|Any CPU
	EndGlobalSection
	GlobalSection(SolutionProperties) = preSolution
		HideSolutionNode = FALSE
	EndGlobalSection
	GlobalSection(ExtensibilityGlobals) = postSolution
		SolutionGuid = {76E7F68C-07EE-49BC-90AF-F1B49368328E}
	EndGlobalSection
EndGlobal
